
Microsoft Visual Studio Solution File, Format Version 12.00
# Visual Studio 15
Project("{FAE04EC0-301F-11D3-BF4B-00C04F79EFBC}") = "Unity.VisualEffectGraph.Runtime", "Unity.VisualEffectGraph.Runtime.csproj", "{4458C3B1-D38B-95F0-D4D0-E1DF52B62860}"
EndProject
Project("{FAE04EC0-301F-11D3-BF4B-00C04F79EFBC}") = "Unity.RenderPipelines.Core.Runtime", "Unity.RenderPipelines.Core.Runtime.csproj", "{A34DAB2D-80D5-0FD1-E7F8-B37448052CC0}"
EndProject
Project("{FAE04EC0-301F-11D3-BF4B-00C04F79EFBC}") = "UnityEngine.TestRunner", "UnityEngine.TestRunner.csproj", "{B5EBFB41-1B1D-A1B9-DFD0-54EA37DC6277}"
EndProject
Project("{FAE04EC0-301F-11D3-BF4B-00C04F79EFBC}") = "Unity.InputSystem", "Unity.InputSystem.csproj", "{E309324B-AE3B-0883-C0EC-B617372F09F6}"
EndProject
Project("{FAE04EC0-301F-11D3-BF4B-00C04F79EFBC}") = "Unity.RenderPipelines.HighDefinition.Runtime", "Unity.RenderPipelines.HighDefinition.Runtime.csproj", "{CDCB3DA5-AE2D-853A-005A-075EC201C17A}"
EndProject
Project("{FAE04EC0-301F-11D3-BF4B-00C04F79EFBC}") = "Unity.TextMeshPro", "Unity.TextMeshPro.csproj", "{BFE4499B-CE7E-685D-8CC4-1CFD8C3B533A}"
EndProject
Project("{FAE04EC0-301F-11D3-BF4B-00C04F79EFBC}") = "Cinemachine", "Cinemachine.csproj", "{33B3AE11-DF33-817B-F63A-12ED67D45991}"
EndProject
Project("{FAE04EC0-301F-11D3-BF4B-00C04F79EFBC}") = "Unity.Timeline", "Unity.Timeline.csproj", "{41DCC84A-7225-0463-2A89-769F8402025F}"
EndProject
Project("{FAE04EC0-301F-11D3-BF4B-00C04F79EFBC}") = "Assembly-CSharp", "Assembly-CSharp.csproj", "{1016F5F0-060B-B050-A0C6-70F8A7F6D951}"
EndProject
Project("{FAE04EC0-301F-11D3-BF4B-00C04F79EFBC}") = "Unity.RenderPipelines.Core.ShaderLibrary", "Unity.RenderPipelines.Core.ShaderLibrary.csproj", "{419E44DA-CA1B-B4A9-FD92-DA7841D9D4E3}"
EndProject
Project("{FAE04EC0-301F-11D3-BF4B-00C04F79EFBC}") = "Unity.RenderPipelines.ShaderGraph.ShaderGraphLibrary", "Unity.RenderPipelines.ShaderGraph.ShaderGraphLibrary.csproj", "{9BF3CBA3-F182-E03F-BF24-1D05B438A5D3}"
EndProject
Project("{FAE04EC0-301F-11D3-BF4B-00C04F79EFBC}") = "Unity.RenderPipelines.HighDefinition.Config.Runtime", "Unity.RenderPipelines.HighDefinition.Config.Runtime.csproj", "{E690B782-29F7-EF26-BCC2-B73427FC3452}"
EndProject
Project("{FAE04EC0-301F-11D3-BF4B-00C04F79EFBC}") = "Unity.PlasticSCM.Editor", "Unity.PlasticSCM.Editor.csproj", "{EDECFFE8-99F3-333B-E106-BE988A5B4108}"
EndProject
Project("{FAE04EC0-301F-11D3-BF4B-00C04F79EFBC}") = "Unity.RenderPipelines.HighDefinition.Editor", "Unity.RenderPipelines.HighDefinition.Editor.csproj", "{D8689B8F-457D-A800-3FCF-97B9052580CD}"
EndProject
Project("{FAE04EC0-301F-11D3-BF4B-00C04F79EFBC}") = "Unity.ShaderGraph.Editor", "Unity.ShaderGraph.Editor.csproj", "{36766757-FDA0-5BD6-A8C4-6281BC429FF3}"
EndProject
Project("{FAE04EC0-301F-11D3-BF4B-00C04F79EFBC}") = "Unity.VisualEffectGraph.Editor", "Unity.VisualEffectGraph.Editor.csproj", "{1C7DA62D-9ACB-5560-AFA9-54A3A5BA6A1C}"
EndProject
Project("{FAE04EC0-301F-11D3-BF4B-00C04F79EFBC}") = "Unity.VisualStudio.Editor", "Unity.VisualStudio.Editor.csproj", "{862D052D-22A3-B502-9CE4-7BD08399A26D}"
EndProject
Project("{FAE04EC0-301F-11D3-BF4B-00C04F79EFBC}") = "Unity.Timeline.Editor", "Unity.Timeline.Editor.csproj", "{92260E73-DBA1-736F-E107-A3CE4DEF1DAB}"
EndProject
Project("{FAE04EC0-301F-11D3-BF4B-00C04F79EFBC}") = "com.unity.cinemachine.editor", "com.unity.cinemachine.editor.csproj", "{30C0FF44-B3FF-1976-2BAF-92CA1E850075}"
EndProject
Project("{FAE04EC0-301F-11D3-BF4B-00C04F79EFBC}") = "Unity.TextMeshPro.Editor", "Unity.TextMeshPro.Editor.csproj", "{9B9DCAC4-8564-7D87-3264-5E05FA16D93E}"
EndProject
Project("{FAE04EC0-301F-11D3-BF4B-00C04F79EFBC}") = "Unity.CollabProxy.Editor", "Unity.CollabProxy.Editor.csproj", "{2EC7032A-78D6-F863-CF16-2B2F36EC8DBA}"
EndProject
Project("{FAE04EC0-301F-11D3-BF4B-00C04F79EFBC}") = "UnityEditor.TestRunner", "UnityEditor.TestRunner.csproj", "{9B793D9E-6977-0767-7135-B22EE8264549}"
EndProject
Project("{FAE04EC0-301F-11D3-BF4B-00C04F79EFBC}") = "Unity.Rider.Editor", "Unity.Rider.Editor.csproj", "{C9FBFA46-E85D-97DD-546F-1E56356BF8D2}"
EndProject
Project("{FAE04EC0-301F-11D3-BF4B-00C04F79EFBC}") = "Unity.RenderPipelines.Core.Editor", "Unity.RenderPipelines.Core.Editor.csproj", "{2731E6A1-EEA1-46D2-E447-88821F88A089}"
EndProject
Project("{FAE04EC0-301F-11D3-BF4B-00C04F79EFBC}") = "Unity.Searcher.Editor", "Unity.Searcher.Editor.csproj", "{E74272D3-BD82-CEEB-8127-9BF515E0EA1D}"
EndProject
Project("{FAE04EC0-301F-11D3-BF4B-00C04F79EFBC}") = "Unity.VSCode.Editor", "Unity.VSCode.Editor.csproj", "{7840FD2C-62FF-BB3B-482C-A54303A32218}"
EndProject
Project("{FAE04EC0-301F-11D3-BF4B-00C04F79EFBC}") = "Unity.ShaderGraph.Utilities", "Unity.ShaderGraph.Utilities.csproj", "{689EA96F-958F-5F11-628A-2DC455FFBF87}"
EndProject
Global
	GlobalSection(SolutionConfigurationPlatforms) = preSolution
		Debug|Any CPU = Debug|Any CPU
		Release|Any CPU = Release|Any CPU
	EndGlobalSection
	GlobalSection(ProjectConfigurationPlatforms) = postSolution
		{4458C3B1-D38B-95F0-D4D0-E1DF52B62860}.Debug|Any CPU.ActiveCfg = Debug|Any CPU
		{4458C3B1-D38B-95F0-D4D0-E1DF52B62860}.Debug|Any CPU.Build.0 = Debug|Any CPU
		{4458C3B1-D38B-95F0-D4D0-E1DF52B62860}.Release|Any CPU.ActiveCfg = Release|Any CPU
		{4458C3B1-D38B-95F0-D4D0-E1DF52B62860}.Release|Any CPU.Build.0 = Release|Any CPU
		{A34DAB2D-80D5-0FD1-E7F8-B37448052CC0}.Debug|Any CPU.ActiveCfg = Debug|Any CPU
		{A34DAB2D-80D5-0FD1-E7F8-B37448052CC0}.Debug|Any CPU.Build.0 = Debug|Any CPU
		{A34DAB2D-80D5-0FD1-E7F8-B37448052CC0}.Release|Any CPU.ActiveCfg = Release|Any CPU
		{A34DAB2D-80D5-0FD1-E7F8-B37448052CC0}.Release|Any CPU.Build.0 = Release|Any CPU
		{B5EBFB41-1B1D-A1B9-DFD0-54EA37DC6277}.Debug|Any CPU.ActiveCfg = Debug|Any CPU
		{B5EBFB41-1B1D-A1B9-DFD0-54EA37DC6277}.Debug|Any CPU.Build.0 = Debug|Any CPU
		{B5EBFB41-1B1D-A1B9-DFD0-54EA37DC6277}.Release|Any CPU.ActiveCfg = Release|Any CPU
		{B5EBFB41-1B1D-A1B9-DFD0-54EA37DC6277}.Release|Any CPU.Build.0 = Release|Any CPU
		{E309324B-AE3B-0883-C0EC-B617372F09F6}.Debug|Any CPU.ActiveCfg = Debug|Any CPU
		{E309324B-AE3B-0883-C0EC-B617372F09F6}.Debug|Any CPU.Build.0 = Debug|Any CPU
		{E309324B-AE3B-0883-C0EC-B617372F09F6}.Release|Any CPU.ActiveCfg = Release|Any CPU
		{E309324B-AE3B-0883-C0EC-B617372F09F6}.Release|Any CPU.Build.0 = Release|Any CPU
		{CDCB3DA5-AE2D-853A-005A-075EC201C17A}.Debug|Any CPU.ActiveCfg = Debug|Any CPU
		{CDCB3DA5-AE2D-853A-005A-075EC201C17A}.Debug|Any CPU.Build.0 = Debug|Any CPU
		{CDCB3DA5-AE2D-853A-005A-075EC201C17A}.Release|Any CPU.ActiveCfg = Release|Any CPU
		{CDCB3DA5-AE2D-853A-005A-075EC201C17A}.Release|Any CPU.Build.0 = Release|Any CPU
		{BFE4499B-CE7E-685D-8CC4-1CFD8C3B533A}.Debug|Any CPU.ActiveCfg = Debug|Any CPU
		{BFE4499B-CE7E-685D-8CC4-1CFD8C3B533A}.Debug|Any CPU.Build.0 = Debug|Any CPU
		{BFE4499B-CE7E-685D-8CC4-1CFD8C3B533A}.Release|Any CPU.ActiveCfg = Release|Any CPU
		{BFE4499B-CE7E-685D-8CC4-1CFD8C3B533A}.Release|Any CPU.Build.0 = Release|Any CPU
		{33B3AE11-DF33-817B-F63A-12ED67D45991}.Debug|Any CPU.ActiveCfg = Debug|Any CPU
		{33B3AE11-DF33-817B-F63A-12ED67D45991}.Debug|Any CPU.Build.0 = Debug|Any CPU
		{33B3AE11-DF33-817B-F63A-12ED67D45991}.Release|Any CPU.ActiveCfg = Release|Any CPU
		{33B3AE11-DF33-817B-F63A-12ED67D45991}.Release|Any CPU.Build.0 = Release|Any CPU
		{41DCC84A-7225-0463-2A89-769F8402025F}.Debug|Any CPU.ActiveCfg = Debug|Any CPU
		{41DCC84A-7225-0463-2A89-769F8402025F}.Debug|Any CPU.Build.0 = Debug|Any CPU
		{41DCC84A-7225-0463-2A89-769F8402025F}.Release|Any CPU.ActiveCfg = Release|Any CPU
		{41DCC84A-7225-0463-2A89-769F8402025F}.Release|Any CPU.Build.0 = Release|Any CPU
		{1016F5F0-060B-B050-A0C6-70F8A7F6D951}.Debug|Any CPU.ActiveCfg = Debug|Any CPU
		{1016F5F0-060B-B050-A0C6-70F8A7F6D951}.Debug|Any CPU.Build.0 = Debug|Any CPU
		{1016F5F0-060B-B050-A0C6-70F8A7F6D951}.Release|Any CPU.ActiveCfg = Release|Any CPU
		{1016F5F0-060B-B050-A0C6-70F8A7F6D951}.Release|Any CPU.Build.0 = Release|Any CPU
		{419E44DA-CA1B-B4A9-FD92-DA7841D9D4E3}.Debug|Any CPU.ActiveCfg = Debug|Any CPU
		{419E44DA-CA1B-B4A9-FD92-DA7841D9D4E3}.Debug|Any CPU.Build.0 = Debug|Any CPU
		{419E44DA-CA1B-B4A9-FD92-DA7841D9D4E3}.Release|Any CPU.ActiveCfg = Release|Any CPU
		{419E44DA-CA1B-B4A9-FD92-DA7841D9D4E3}.Release|Any CPU.Build.0 = Release|Any CPU
		{9BF3CBA3-F182-E03F-BF24-1D05B438A5D3}.Debug|Any CPU.ActiveCfg = Debug|Any CPU
		{9BF3CBA3-F182-E03F-BF24-1D05B438A5D3}.Debug|Any CPU.Build.0 = Debug|Any CPU
		{9BF3CBA3-F182-E03F-BF24-1D05B438A5D3}.Release|Any CPU.ActiveCfg = Release|Any CPU
		{9BF3CBA3-F182-E03F-BF24-1D05B438A5D3}.Release|Any CPU.Build.0 = Release|Any CPU
		{E690B782-29F7-EF26-BCC2-B73427FC3452}.Debug|Any CPU.ActiveCfg = Debug|Any CPU
		{E690B782-29F7-EF26-BCC2-B73427FC3452}.Debug|Any CPU.Build.0 = Debug|Any CPU
		{E690B782-29F7-EF26-BCC2-B73427FC3452}.Release|Any CPU.ActiveCfg = Release|Any CPU
		{E690B782-29F7-EF26-BCC2-B73427FC3452}.Release|Any CPU.Build.0 = Release|Any CPU
		{EDECFFE8-99F3-333B-E106-BE988A5B4108}.Debug|Any CPU.ActiveCfg = Debug|Any CPU
		{EDECFFE8-99F3-333B-E106-BE988A5B4108}.Debug|Any CPU.Build.0 = Debug|Any CPU
		{EDECFFE8-99F3-333B-E106-BE988A5B4108}.Release|Any CPU.ActiveCfg = Release|Any CPU
		{EDECFFE8-99F3-333B-E106-BE988A5B4108}.Release|Any CPU.Build.0 = Release|Any CPU
		{D8689B8F-457D-A800-3FCF-97B9052580CD}.Debug|Any CPU.ActiveCfg = Debug|Any CPU
		{D8689B8F-457D-A800-3FCF-97B9052580CD}.Debug|Any CPU.Build.0 = Debug|Any CPU
		{D8689B8F-457D-A800-3FCF-97B9052580CD}.Release|Any CPU.ActiveCfg = Release|Any CPU
		{D8689B8F-457D-A800-3FCF-97B9052580CD}.Release|Any CPU.Build.0 = Release|Any CPU
		{36766757-FDA0-5BD6-A8C4-6281BC429FF3}.Debug|Any CPU.ActiveCfg = Debug|Any CPU
		{36766757-FDA0-5BD6-A8C4-6281BC429FF3}.Debug|Any CPU.Build.0 = Debug|Any CPU
		{36766757-FDA0-5BD6-A8C4-6281BC429FF3}.Release|Any CPU.ActiveCfg = Release|Any CPU
		{36766757-FDA0-5BD6-A8C4-6281BC429FF3}.Release|Any CPU.Build.0 = Release|Any CPU
		{1C7DA62D-9ACB-5560-AFA9-54A3A5BA6A1C}.Debug|Any CPU.ActiveCfg = Debug|Any CPU
		{1C7DA62D-9ACB-5560-AFA9-54A3A5BA6A1C}.Debug|Any CPU.Build.0 = Debug|Any CPU
		{1C7DA62D-9ACB-5560-AFA9-54A3A5BA6A1C}.Release|Any CPU.ActiveCfg = Release|Any CPU
		{1C7DA62D-9ACB-5560-AFA9-54A3A5BA6A1C}.Release|Any CPU.Build.0 = Release|Any CPU
		{862D052D-22A3-B502-9CE4-7BD08399A26D}.Debug|Any CPU.ActiveCfg = Debug|Any CPU
		{862D052D-22A3-B502-9CE4-7BD08399A26D}.Debug|Any CPU.Build.0 = Debug|Any CPU
		{862D052D-22A3-B502-9CE4-7BD08399A26D}.Release|Any CPU.ActiveCfg = Release|Any CPU
		{862D052D-22A3-B502-9CE4-7BD08399A26D}.Release|Any CPU.Build.0 = Release|Any CPU
		{92260E73-DBA1-736F-E107-A3CE4DEF1DAB}.Debug|Any CPU.ActiveCfg = Debug|Any CPU
		{92260E73-DBA1-736F-E107-A3CE4DEF1DAB}.Debug|Any CPU.Build.0 = Debug|Any CPU
		{92260E73-DBA1-736F-E107-A3CE4DEF1DAB}.Release|Any CPU.ActiveCfg = Release|Any CPU
		{92260E73-DBA1-736F-E107-A3CE4DEF1DAB}.Release|Any CPU.Build.0 = Release|Any CPU
		{30C0FF44-B3FF-1976-2BAF-92CA1E850075}.Debug|Any CPU.ActiveCfg = Debug|Any CPU
		{30C0FF44-B3FF-1976-2BAF-92CA1E850075}.Debug|Any CPU.Build.0 = Debug|Any CPU
		{30C0FF44-B3FF-1976-2BAF-92CA1E850075}.Release|Any CPU.ActiveCfg = Release|Any CPU
		{30C0FF44-B3FF-1976-2BAF-92CA1E850075}.Release|Any CPU.Build.0 = Release|Any CPU
		{9B9DCAC4-8564-7D87-3264-5E05FA16D93E}.Debug|Any CPU.ActiveCfg = Debug|Any CPU
		{9B9DCAC4-8564-7D87-3264-5E05FA16D93E}.Debug|Any CPU.Build.0 = Debug|Any CPU
		{9B9DCAC4-8564-7D87-3264-5E05FA16D93E}.Release|Any CPU.ActiveCfg = Release|Any CPU
		{9B9DCAC4-8564-7D87-3264-5E05FA16D93E}.Release|Any CPU.Build.0 = Release|Any CPU
		{2EC7032A-78D6-F863-CF16-2B2F36EC8DBA}.Debug|Any CPU.ActiveCfg = Debug|Any CPU
		{2EC7032A-78D6-F863-CF16-2B2F36EC8DBA}.Debug|Any CPU.Build.0 = Debug|Any CPU
		{2EC7032A-78D6-F863-CF16-2B2F36EC8DBA}.Release|Any CPU.ActiveCfg = Release|Any CPU
		{2EC7032A-78D6-F863-CF16-2B2F36EC8DBA}.Release|Any CPU.Build.0 = Release|Any CPU
		{9B793D9E-6977-0767-7135-B22EE8264549}.Debug|Any CPU.ActiveCfg = Debug|Any CPU
		{9B793D9E-6977-0767-7135-B22EE8264549}.Debug|Any CPU.Build.0 = Debug|Any CPU
		{9B793D9E-6977-0767-7135-B22EE8264549}.Release|Any CPU.ActiveCfg = Release|Any CPU
		{9B793D9E-6977-0767-7135-B22EE8264549}.Release|Any CPU.Build.0 = Release|Any CPU
		{C9FBFA46-E85D-97DD-546F-1E56356BF8D2}.Debug|Any CPU.ActiveCfg = Debug|Any CPU
		{C9FBFA46-E85D-97DD-546F-1E56356BF8D2}.Debug|Any CPU.Build.0 = Debug|Any CPU
		{C9FBFA46-E85D-97DD-546F-1E56356BF8D2}.Release|Any CPU.ActiveCfg = Release|Any CPU
		{C9FBFA46-E85D-97DD-546F-1E56356BF8D2}.Release|Any CPU.Build.0 = Release|Any CPU
		{2731E6A1-EEA1-46D2-E447-88821F88A089}.Debug|Any CPU.ActiveCfg = Debug|Any CPU
		{2731E6A1-EEA1-46D2-E447-88821F88A089}.Debug|Any CPU.Build.0 = Debug|Any CPU
		{2731E6A1-EEA1-46D2-E447-88821F88A089}.Release|Any CPU.ActiveCfg = Release|Any CPU
		{2731E6A1-EEA1-46D2-E447-88821F88A089}.Release|Any CPU.Build.0 = Release|Any CPU
		{E74272D3-BD82-CEEB-8127-9BF515E0EA1D}.Debug|Any CPU.ActiveCfg = Debug|Any CPU
		{E74272D3-BD82-CEEB-8127-9BF515E0EA1D}.Debug|Any CPU.Build.0 = Debug|Any CPU
		{E74272D3-BD82-CEEB-8127-9BF515E0EA1D}.Release|Any CPU.ActiveCfg = Release|Any CPU
		{E74272D3-BD82-CEEB-8127-9BF515E0EA1D}.Release|Any CPU.Build.0 = Release|Any CPU
		{7840FD2C-62FF-BB3B-482C-A54303A32218}.Debug|Any CPU.ActiveCfg = Debug|Any CPU
		{7840FD2C-62FF-BB3B-482C-A54303A32218}.Debug|Any CPU.Build.0 = Debug|Any CPU
		{7840FD2C-62FF-BB3B-482C-A54303A32218}.Release|Any CPU.ActiveCfg = Release|Any CPU
		{7840FD2C-62FF-BB3B-482C-A54303A32218}.Release|Any CPU.Build.0 = Release|Any CPU
		{689EA96F-958F-5F11-628A-2DC455FFBF87}.Debug|Any CPU.ActiveCfg = Debug|Any CPU
		{689EA96F-958F-5F11-628A-2DC455FFBF87}.Debug|Any CPU.Build.0 = Debug|Any CPU
		{689EA96F-958F-5F11-628A-2DC455FFBF87}.Release|Any CPU.ActiveCfg = Release|Any CPU
		{689EA96F-958F-5F11-628A-2DC455FFBF87}.Release|Any CPU.Build.0 = Release|Any CPU
	EndGlobalSection
	GlobalSection(SolutionProperties) = preSolution
		HideSolutionNode = FALSE
	EndGlobalSection
EndGlobal
